
Microsoft Visual Studio Solution File, Format Version 12.00
# Visual Studio 15
VisualStudioVersion = 15.0.28010.2046
MinimumVisualStudioVersion = 10.0.40219.1
Project("{FAE04EC0-301F-11D3-BF4B-00C04F79EFBC}") = "Pacman", "Pacman\Pacman.csproj", "{D291B846-200F-485E-91B9-13362E4F12C6}"
EndProject
Global
	GlobalSection(SolutionConfigurationPlatforms) = preSolution
		Debug|Any CPU = Debug|Any CPU
		Release|Any CPU = Release|Any CPU
	EndGlobalSection
	GlobalSection(ProjectConfigurationPlatforms) = postSolution
		{D291B846-200F-485E-91B9-13362E4F12C6}.Debug|Any CPU.ActiveCfg = Debug|Any CPU
		{D291B846-200F-485E-91B9-13362E4F12C6}.Debug|Any CPU.Build.0 = Debug|Any CPU
		{D291B846-200F-485E-91B9-13362E4F12C6}.Release|Any CPU.ActiveCfg = Release|Any CPU
		{D291B846-200F-485E-91B9-13362E4F12C6}.Release|Any CPU.Build.0 = Release|Any CPU
	EndGlobalSection
	GlobalSection(SolutionProperties) = preSolution
		HideSolutionNode = FALSE
	EndGlobalSection
	GlobalSection(ExtensibilityGlobals) = postSolution
		SolutionGuid = {87D982F9-6BBF-4646-90F9-2760E813C285}
	EndGlobalSection
EndGlobal
